// !$*UTF8*$!
{
	archiveVersion = 1;
	classes = {
	};
	objectVersion = 56;
	objects = {

/* Begin PBXBuildFile section */
		22048B452C69249D00361F23 /* AppConstants.swift in Sources */ = {isa = PBXBuildFile; fileRef = 22048B442C69249D00361F23 /* AppConstants.swift */; };
		22048B472C6924BE00361F23 /* UIView+Constraints.swift in Sources */ = {isa = PBXBuildFile; fileRef = 22048B462C6924BE00361F23 /* UIView+Constraints.swift */; };
		22048B492C6924D200361F23 /* UIViewController+KeyboardHandling.swift in Sources */ = {isa = PBXBuildFile; fileRef = 22048B482C6924D200361F23 /* UIViewController+KeyboardHandling.swift */; };
		22048B4B2C6924EB00361F23 /* UIColor+Extension.swift in Sources */ = {isa = PBXBuildFile; fileRef = 22048B4A2C6924EB00361F23 /* UIColor+Extension.swift */; };
		22048B4D2C69250F00361F23 /* UILabel+CustomFont.swift in Sources */ = {isa = PBXBuildFile; fileRef = 22048B4C2C69250F00361F23 /* UILabel+CustomFont.swift */; };
		22048B4F2C69253700361F23 /* UIFont+CustomFont.swift in Sources */ = {isa = PBXBuildFile; fileRef = 22048B4E2C69253700361F23 /* UIFont+CustomFont.swift */; };
		223429962C7B56D900D906E4 /* CustomTableViewCell.swift in Sources */ = {isa = PBXBuildFile; fileRef = 223429952C7B56D900D906E4 /* CustomTableViewCell.swift */; };
		224110FE2C7F4ED6006372BA /* CalendarManager.swift in Sources */ = {isa = PBXBuildFile; fileRef = 224110FD2C7F4ED6006372BA /* CalendarManager.swift */; };
		22541E882C7DEBE400EA124F /* EventModel.swift in Sources */ = {isa = PBXBuildFile; fileRef = 22541E872C7DEBE400EA124F /* EventModel.swift */; };
		22641B2D2C79CFE7007F1C39 /* Poppins-Regular.ttf in Resources */ = {isa = PBXBuildFile; fileRef = 22641B2C2C79CFE7007F1C39 /* Poppins-Regular.ttf */; };
		22641B312C79CFF8007F1C39 /* Poppins-Medium.ttf in Resources */ = {isa = PBXBuildFile; fileRef = 22641B302C79CFF7007F1C39 /* Poppins-Medium.ttf */; };
		22641B332C79D377007F1C39 /* Poppins-SemiBold.ttf in Resources */ = {isa = PBXBuildFile; fileRef = 22641B322C79D377007F1C39 /* Poppins-SemiBold.ttf */; };
		22641B362C7A257D007F1C39 /* WeekContainerView.swift in Sources */ = {isa = PBXBuildFile; fileRef = 22641B352C7A257D007F1C39 /* WeekContainerView.swift */; };
		22641B382C7A259B007F1C39 /* MonthContainerView.swift in Sources */ = {isa = PBXBuildFile; fileRef = 22641B372C7A259B007F1C39 /* MonthContainerView.swift */; };
		22641B3A2C7A25B2007F1C39 /* YearContainerView.swift in Sources */ = {isa = PBXBuildFile; fileRef = 22641B392C7A25B2007F1C39 /* YearContainerView.swift */; };
		22641B3C2C7A25E5007F1C39 /* CustomContainerView.swift in Sources */ = {isa = PBXBuildFile; fileRef = 22641B3B2C7A25E5007F1C39 /* CustomContainerView.swift */; };
		22641B3F2C7A2B40007F1C39 /* CalendarInfoMode.swift in Sources */ = {isa = PBXBuildFile; fileRef = 22641B3E2C7A2B40007F1C39 /* CalendarInfoMode.swift */; };
		227D019B2C68F12600ADF63F /* AppDelegate.swift in Sources */ = {isa = PBXBuildFile; fileRef = 227D019A2C68F12600ADF63F /* AppDelegate.swift */; };
		227D019D2C68F12600ADF63F /* SceneDelegate.swift in Sources */ = {isa = PBXBuildFile; fileRef = 227D019C2C68F12600ADF63F /* SceneDelegate.swift */; };
		227D019F2C68F12600ADF63F /* MainViewController.swift in Sources */ = {isa = PBXBuildFile; fileRef = 227D019E2C68F12600ADF63F /* MainViewController.swift */; };
		227D01A42C68F12700ADF63F /* Assets.xcassets in Resources */ = {isa = PBXBuildFile; fileRef = 227D01A32C68F12700ADF63F /* Assets.xcassets */; };
		227D01A72C68F12700ADF63F /* Base in Resources */ = {isa = PBXBuildFile; fileRef = 227D01A62C68F12700ADF63F /* Base */; };
		22991B102C80588800078FCE /* FSCalendar in Frameworks */ = {isa = PBXBuildFile; productRef = 22991B0F2C80588800078FCE /* FSCalendar */; };
		22B372A02C8396B5005BA993 /* UIView+TouchThroughView.swift in Sources */ = {isa = PBXBuildFile; fileRef = 22B3729F2C8396B5005BA993 /* UIView+TouchThroughView.swift */; };
/* End PBXBuildFile section */

/* Begin PBXContainerItemProxy section */
		227D01AE2C68F12800ADF63F /* PBXContainerItemProxy */ = {
			isa = PBXContainerItemProxy;
			containerPortal = 227D018F2C68F12600ADF63F /* Project object */;
			proxyType = 1;
			remoteGlobalIDString = 227D01962C68F12600ADF63F;
			remoteInfo = "Upcoming events";
		};
		227D01B82C68F12800ADF63F /* PBXContainerItemProxy */ = {
			isa = PBXContainerItemProxy;
			containerPortal = 227D018F2C68F12600ADF63F /* Project object */;
			proxyType = 1;
			remoteGlobalIDString = 227D01962C68F12600ADF63F;
			remoteInfo = "Upcoming events";
		};
/* End PBXContainerItemProxy section */

/* Begin PBXFileReference section */
		22048B442C69249D00361F23 /* AppConstants.swift */ = {isa = PBXFileReference; lastKnownFileType = sourcecode.swift; path = AppConstants.swift; sourceTree = "<group>"; };
		22048B462C6924BE00361F23 /* UIView+Constraints.swift */ = {isa = PBXFileReference; lastKnownFileType = sourcecode.swift; path = "UIView+Constraints.swift"; sourceTree = "<group>"; };
		22048B482C6924D200361F23 /* UIViewController+KeyboardHandling.swift */ = {isa = PBXFileReference; lastKnownFileType = sourcecode.swift; path = "UIViewController+KeyboardHandling.swift"; sourceTree = "<group>"; };
		22048B4A2C6924EB00361F23 /* UIColor+Extension.swift */ = {isa = PBXFileReference; lastKnownFileType = sourcecode.swift; path = "UIColor+Extension.swift"; sourceTree = "<group>"; };
		22048B4C2C69250F00361F23 /* UILabel+CustomFont.swift */ = {isa = PBXFileReference; lastKnownFileType = sourcecode.swift; path = "UILabel+CustomFont.swift"; sourceTree = "<group>"; };
		22048B4E2C69253700361F23 /* UIFont+CustomFont.swift */ = {isa = PBXFileReference; lastKnownFileType = sourcecode.swift; path = "UIFont+CustomFont.swift"; sourceTree = "<group>"; };
		223429952C7B56D900D906E4 /* CustomTableViewCell.swift */ = {isa = PBXFileReference; lastKnownFileType = sourcecode.swift; path = CustomTableViewCell.swift; sourceTree = "<group>"; };
		224110FD2C7F4ED6006372BA /* CalendarManager.swift */ = {isa = PBXFileReference; lastKnownFileType = sourcecode.swift; path = CalendarManager.swift; sourceTree = "<group>"; };
		22541E872C7DEBE400EA124F /* EventModel.swift */ = {isa = PBXFileReference; lastKnownFileType = sourcecode.swift; path = EventModel.swift; sourceTree = "<group>"; };
		22641B2C2C79CFE7007F1C39 /* Poppins-Regular.ttf */ = {isa = PBXFileReference; lastKnownFileType = file; path = "Poppins-Regular.ttf"; sourceTree = "<group>"; };
		22641B302C79CFF7007F1C39 /* Poppins-Medium.ttf */ = {isa = PBXFileReference; lastKnownFileType = file; path = "Poppins-Medium.ttf"; sourceTree = "<group>"; };
		22641B322C79D377007F1C39 /* Poppins-SemiBold.ttf */ = {isa = PBXFileReference; lastKnownFileType = file; path = "Poppins-SemiBold.ttf"; sourceTree = "<group>"; };
		22641B352C7A257D007F1C39 /* WeekContainerView.swift */ = {isa = PBXFileReference; lastKnownFileType = sourcecode.swift; path = WeekContainerView.swift; sourceTree = "<group>"; };
		22641B372C7A259B007F1C39 /* MonthContainerView.swift */ = {isa = PBXFileReference; lastKnownFileType = sourcecode.swift; path = MonthContainerView.swift; sourceTree = "<group>"; };
		22641B392C7A25B2007F1C39 /* YearContainerView.swift */ = {isa = PBXFileReference; lastKnownFileType = sourcecode.swift; path = YearContainerView.swift; sourceTree = "<group>"; };
		22641B3B2C7A25E5007F1C39 /* CustomContainerView.swift */ = {isa = PBXFileReference; lastKnownFileType = sourcecode.swift; path = CustomContainerView.swift; sourceTree = "<group>"; };
		22641B3E2C7A2B40007F1C39 /* CalendarInfoMode.swift */ = {isa = PBXFileReference; lastKnownFileType = sourcecode.swift; path = CalendarInfoMode.swift; sourceTree = "<group>"; };
		227D01972C68F12600ADF63F /* Upcoming events.app */ = {isa = PBXFileReference; explicitFileType = wrapper.application; includeInIndex = 0; path = "Upcoming events.app"; sourceTree = BUILT_PRODUCTS_DIR; };
		227D019A2C68F12600ADF63F /* AppDelegate.swift */ = {isa = PBXFileReference; lastKnownFileType = sourcecode.swift; path = AppDelegate.swift; sourceTree = "<group>"; };
		227D019C2C68F12600ADF63F /* SceneDelegate.swift */ = {isa = PBXFileReference; lastKnownFileType = sourcecode.swift; path = SceneDelegate.swift; sourceTree = "<group>"; };
		227D019E2C68F12600ADF63F /* MainViewController.swift */ = {isa = PBXFileReference; lastKnownFileType = sourcecode.swift; path = MainViewController.swift; sourceTree = "<group>"; };
		227D01A32C68F12700ADF63F /* Assets.xcassets */ = {isa = PBXFileReference; lastKnownFileType = folder.assetcatalog; path = Assets.xcassets; sourceTree = "<group>"; };
		227D01A62C68F12700ADF63F /* Base */ = {isa = PBXFileReference; lastKnownFileType = file.storyboard; name = Base; path = Base.lproj/LaunchScreen.storyboard; sourceTree = "<group>"; };
		227D01A82C68F12700ADF63F /* Info.plist */ = {isa = PBXFileReference; lastKnownFileType = text.plist.xml; path = Info.plist; sourceTree = "<group>"; };
		227D01AD2C68F12800ADF63F /* Upcoming eventsTests.xctest */ = {isa = PBXFileReference; explicitFileType = wrapper.cfbundle; includeInIndex = 0; path = "Upcoming eventsTests.xctest"; sourceTree = BUILT_PRODUCTS_DIR; };
		227D01B72C68F12800ADF63F /* Upcoming eventsUITests.xctest */ = {isa = PBXFileReference; explicitFileType = wrapper.cfbundle; includeInIndex = 0; path = "Upcoming eventsUITests.xctest"; sourceTree = BUILT_PRODUCTS_DIR; };
		22B3729F2C8396B5005BA993 /* UIView+TouchThroughView.swift */ = {isa = PBXFileReference; lastKnownFileType = sourcecode.swift; path = "UIView+TouchThroughView.swift"; sourceTree = "<group>"; };
/* End PBXFileReference section */

/* Begin PBXFrameworksBuildPhase section */
		227D01942C68F12600ADF63F /* Frameworks */ = {
			isa = PBXFrameworksBuildPhase;
			buildActionMask = 2147483647;
			files = (
				22991B102C80588800078FCE /* FSCalendar in Frameworks */,
			);
			runOnlyForDeploymentPostprocessing = 0;
		};
		227D01AA2C68F12800ADF63F /* Frameworks */ = {
			isa = PBXFrameworksBuildPhase;
			buildActionMask = 2147483647;
			files = (
			);
			runOnlyForDeploymentPostprocessing = 0;
		};
		227D01B42C68F12800ADF63F /* Frameworks */ = {
			isa = PBXFrameworksBuildPhase;
			buildActionMask = 2147483647;
			files = (
			);
			runOnlyForDeploymentPostprocessing = 0;
		};
/* End PBXFrameworksBuildPhase section */

/* Begin PBXGroup section */
		22592F262C68F66700820FA8 /* Application */ = {
			isa = PBXGroup;
			children = (
				227D019A2C68F12600ADF63F /* AppDelegate.swift */,
				227D019C2C68F12600ADF63F /* SceneDelegate.swift */,
			);
			path = Application;
			sourceTree = "<group>";
		};
		22592F272C68F67700820FA8 /* Utilities */ = {
			isa = PBXGroup;
			children = (
				22048B442C69249D00361F23 /* AppConstants.swift */,
			);
			path = Utilities;
			sourceTree = "<group>";
		};
		22592F282C68F68800820FA8 /* Extensions */ = {
			isa = PBXGroup;
			children = (
				22048B462C6924BE00361F23 /* UIView+Constraints.swift */,
				22048B482C6924D200361F23 /* UIViewController+KeyboardHandling.swift */,
				22048B4A2C6924EB00361F23 /* UIColor+Extension.swift */,
				22048B4C2C69250F00361F23 /* UILabel+CustomFont.swift */,
				22048B4E2C69253700361F23 /* UIFont+CustomFont.swift */,
				22B3729F2C8396B5005BA993 /* UIView+TouchThroughView.swift */,
			);
			path = Extensions;
			sourceTree = "<group>";
		};
		22592F292C68F69B00820FA8 /* Resources */ = {
			isa = PBXGroup;
			children = (
				227D01A32C68F12700ADF63F /* Assets.xcassets */,
				22592F2A2C68F6AA00820FA8 /* Fonts */,
			);
			path = Resources;
			sourceTree = "<group>";
		};
		22592F2A2C68F6AA00820FA8 /* Fonts */ = {
			isa = PBXGroup;
			children = (
				22641B2C2C79CFE7007F1C39 /* Poppins-Regular.ttf */,
				22641B302C79CFF7007F1C39 /* Poppins-Medium.ttf */,
				22641B322C79D377007F1C39 /* Poppins-SemiBold.ttf */,
			);
			path = Fonts;
			sourceTree = "<group>";
		};
		22592F2C2C68F72C00820FA8 /* ViewControllers */ = {
			isa = PBXGroup;
			children = (
				227D019E2C68F12600ADF63F /* MainViewController.swift */,
			);
			path = ViewControllers;
			sourceTree = "<group>";
		};
		22641B342C7A2544007F1C39 /* Subviews */ = {
			isa = PBXGroup;
			children = (
				22641B352C7A257D007F1C39 /* WeekContainerView.swift */,
				22641B372C7A259B007F1C39 /* MonthContainerView.swift */,
				22641B392C7A25B2007F1C39 /* YearContainerView.swift */,
				22641B3B2C7A25E5007F1C39 /* CustomContainerView.swift */,
				223429952C7B56D900D906E4 /* CustomTableViewCell.swift */,
			);
			path = Subviews;
			sourceTree = "<group>";
		};
		22641B3D2C7A2B0E007F1C39 /* Models */ = {
			isa = PBXGroup;
			children = (
				224110FD2C7F4ED6006372BA /* CalendarManager.swift */,
				22641B3E2C7A2B40007F1C39 /* CalendarInfoMode.swift */,
				22541E872C7DEBE400EA124F /* EventModel.swift */,
			);
			path = Models;
			sourceTree = "<group>";
		};
		227D018E2C68F12600ADF63F = {
			isa = PBXGroup;
			children = (
				227D01992C68F12600ADF63F /* Upcoming events */,
				227D01982C68F12600ADF63F /* Products */,
			);
			sourceTree = "<group>";
		};
		227D01982C68F12600ADF63F /* Products */ = {
			isa = PBXGroup;
			children = (
				227D01972C68F12600ADF63F /* Upcoming events.app */,
				227D01AD2C68F12800ADF63F /* Upcoming eventsTests.xctest */,
				227D01B72C68F12800ADF63F /* Upcoming eventsUITests.xctest */,
			);
			name = Products;
			sourceTree = "<group>";
		};
		227D01992C68F12600ADF63F /* Upcoming events */ = {
			isa = PBXGroup;
			children = (
				227D01A82C68F12700ADF63F /* Info.plist */,
				227D01A52C68F12700ADF63F /* LaunchScreen.storyboard */,
				22592F262C68F66700820FA8 /* Application */,
				22592F272C68F67700820FA8 /* Utilities */,
				22592F282C68F68800820FA8 /* Extensions */,
				22592F292C68F69B00820FA8 /* Resources */,
				22641B3D2C7A2B0E007F1C39 /* Models */,
				22592F2C2C68F72C00820FA8 /* ViewControllers */,
				22641B342C7A2544007F1C39 /* Subviews */,
			);
			path = "Upcoming events";
			sourceTree = "<group>";
		};
/* End PBXGroup section */

/* Begin PBXNativeTarget section */
		227D01962C68F12600ADF63F /* Upcoming events */ = {
			isa = PBXNativeTarget;
			buildConfigurationList = 227D01C12C68F12800ADF63F /* Build configuration list for PBXNativeTarget "Upcoming events" */;
			buildPhases = (
				227D01932C68F12600ADF63F /* Sources */,
				227D01942C68F12600ADF63F /* Frameworks */,
				227D01952C68F12600ADF63F /* Resources */,
			);
			buildRules = (
			);
			dependencies = (
			);
			name = "Upcoming events";
			packageProductDependencies = (
				22991B0F2C80588800078FCE /* FSCalendar */,
			);
			productName = "Upcoming events";
			productReference = 227D01972C68F12600ADF63F /* Upcoming events.app */;
			productType = "com.apple.product-type.application";
		};
		227D01AC2C68F12800ADF63F /* Upcoming eventsTests */ = {
			isa = PBXNativeTarget;
			buildConfigurationList = 227D01C42C68F12800ADF63F /* Build configuration list for PBXNativeTarget "Upcoming eventsTests" */;
			buildPhases = (
				227D01A92C68F12800ADF63F /* Sources */,
				227D01AA2C68F12800ADF63F /* Frameworks */,
				227D01AB2C68F12800ADF63F /* Resources */,
			);
			buildRules = (
			);
			dependencies = (
				227D01AF2C68F12800ADF63F /* PBXTargetDependency */,
			);
			name = "Upcoming eventsTests";
			productName = "Upcoming eventsTests";
			productReference = 227D01AD2C68F12800ADF63F /* Upcoming eventsTests.xctest */;
			productType = "com.apple.product-type.bundle.unit-test";
		};
		227D01B62C68F12800ADF63F /* Upcoming eventsUITests */ = {
			isa = PBXNativeTarget;
			buildConfigurationList = 227D01C72C68F12800ADF63F /* Build configuration list for PBXNativeTarget "Upcoming eventsUITests" */;
			buildPhases = (
				227D01B32C68F12800ADF63F /* Sources */,
				227D01B42C68F12800ADF63F /* Frameworks */,
				227D01B52C68F12800ADF63F /* Resources */,
			);
			buildRules = (
			);
			dependencies = (
				227D01B92C68F12800ADF63F /* PBXTargetDependency */,
			);
			name = "Upcoming eventsUITests";
			productName = "Upcoming eventsUITests";
			productReference = 227D01B72C68F12800ADF63F /* Upcoming eventsUITests.xctest */;
			productType = "com.apple.product-type.bundle.ui-testing";
		};
/* End PBXNativeTarget section */

/* Begin PBXProject section */
		227D018F2C68F12600ADF63F /* Project object */ = {
			isa = PBXProject;
			attributes = {
				BuildIndependentTargetsInParallel = 1;
				LastSwiftUpdateCheck = 1540;
				LastUpgradeCheck = 1540;
				TargetAttributes = {
					227D01962C68F12600ADF63F = {
						CreatedOnToolsVersion = 15.4;
					};
					227D01AC2C68F12800ADF63F = {
						CreatedOnToolsVersion = 15.4;
						TestTargetID = 227D01962C68F12600ADF63F;
					};
					227D01B62C68F12800ADF63F = {
						CreatedOnToolsVersion = 15.4;
						TestTargetID = 227D01962C68F12600ADF63F;
					};
				};
			};
			buildConfigurationList = 227D01922C68F12600ADF63F /* Build configuration list for PBXProject "Upcoming events" */;
			compatibilityVersion = "Xcode 14.0";
			developmentRegion = en;
			hasScannedForEncodings = 0;
			knownRegions = (
				en,
				Base,
			);
			mainGroup = 227D018E2C68F12600ADF63F;
			packageReferences = (
				22991B0E2C80588800078FCE /* XCRemoteSwiftPackageReference "FSCalendar" */,
			);
			productRefGroup = 227D01982C68F12600ADF63F /* Products */;
			projectDirPath = "";
			projectRoot = "";
			targets = (
				227D01962C68F12600ADF63F /* Upcoming events */,
				227D01AC2C68F12800ADF63F /* Upcoming eventsTests */,
				227D01B62C68F12800ADF63F /* Upcoming eventsUITests */,
			);
		};
/* End PBXProject section */

/* Begin PBXResourcesBuildPhase section */
		227D01952C68F12600ADF63F /* Resources */ = {
			isa = PBXResourcesBuildPhase;
			buildActionMask = 2147483647;
			files = (
				22641B332C79D377007F1C39 /* Poppins-SemiBold.ttf in Resources */,
				22641B2D2C79CFE7007F1C39 /* Poppins-Regular.ttf in Resources */,
				227D01A42C68F12700ADF63F /* Assets.xcassets in Resources */,
				227D01A72C68F12700ADF63F /* Base in Resources */,
				22641B312C79CFF8007F1C39 /* Poppins-Medium.ttf in Resources */,
			);
			runOnlyForDeploymentPostprocessing = 0;
		};
		227D01AB2C68F12800ADF63F /* Resources */ = {
			isa = PBXResourcesBuildPhase;
			buildActionMask = 2147483647;
			files = (
			);
			runOnlyForDeploymentPostprocessing = 0;
		};
		227D01B52C68F12800ADF63F /* Resources */ = {
			isa = PBXResourcesBuildPhase;
			buildActionMask = 2147483647;
			files = (
			);
			runOnlyForDeploymentPostprocessing = 0;
		};
/* End PBXResourcesBuildPhase section */

/* Begin PBXSourcesBuildPhase section */
		227D01932C68F12600ADF63F /* Sources */ = {
			isa = PBXSourcesBuildPhase;
			buildActionMask = 2147483647;
			files = (
				22641B362C7A257D007F1C39 /* WeekContainerView.swift in Sources */,
				22048B4B2C6924EB00361F23 /* UIColor+Extension.swift in Sources */,
				22048B492C6924D200361F23 /* UIViewController+KeyboardHandling.swift in Sources */,
				22641B382C7A259B007F1C39 /* MonthContainerView.swift in Sources */,
				227D019F2C68F12600ADF63F /* MainViewController.swift in Sources */,
				22641B3A2C7A25B2007F1C39 /* YearContainerView.swift in Sources */,
				223429962C7B56D900D906E4 /* CustomTableViewCell.swift in Sources */,
				227D019B2C68F12600ADF63F /* AppDelegate.swift in Sources */,
				22048B472C6924BE00361F23 /* UIView+Constraints.swift in Sources */,
				227D019D2C68F12600ADF63F /* SceneDelegate.swift in Sources */,
				22048B4F2C69253700361F23 /* UIFont+CustomFont.swift in Sources */,
				22641B3C2C7A25E5007F1C39 /* CustomContainerView.swift in Sources */,
				224110FE2C7F4ED6006372BA /* CalendarManager.swift in Sources */,
				22048B4D2C69250F00361F23 /* UILabel+CustomFont.swift in Sources */,
				22541E882C7DEBE400EA124F /* EventModel.swift in Sources */,
				22641B3F2C7A2B40007F1C39 /* CalendarInfoMode.swift in Sources */,
				22B372A02C8396B5005BA993 /* UIView+TouchThroughView.swift in Sources */,
				22048B452C69249D00361F23 /* AppConstants.swift in Sources */,
			);
			runOnlyForDeploymentPostprocessing = 0;
		};
		227D01A92C68F12800ADF63F /* Sources */ = {
			isa = PBXSourcesBuildPhase;
			buildActionMask = 2147483647;
			files = (
			);
			runOnlyForDeploymentPostprocessing = 0;
		};
		227D01B32C68F12800ADF63F /* Sources */ = {
			isa = PBXSourcesBuildPhase;
			buildActionMask = 2147483647;
			files = (
			);
			runOnlyForDeploymentPostprocessing = 0;
		};
/* End PBXSourcesBuildPhase section */

/* Begin PBXTargetDependency section */
		227D01AF2C68F12800ADF63F /* PBXTargetDependency */ = {
			isa = PBXTargetDependency;
			target = 227D01962C68F12600ADF63F /* Upcoming events */;
			targetProxy = 227D01AE2C68F12800ADF63F /* PBXContainerItemProxy */;
		};
		227D01B92C68F12800ADF63F /* PBXTargetDependency */ = {
			isa = PBXTargetDependency;
			target = 227D01962C68F12600ADF63F /* Upcoming events */;
			targetProxy = 227D01B82C68F12800ADF63F /* PBXContainerItemProxy */;
		};
/* End PBXTargetDependency section */

/* Begin PBXVariantGroup section */
		227D01A52C68F12700ADF63F /* LaunchScreen.storyboard */ = {
			isa = PBXVariantGroup;
			children = (
				227D01A62C68F12700ADF63F /* Base */,
			);
			name = LaunchScreen.storyboard;
			sourceTree = "<group>";
		};
/* End PBXVariantGroup section */

/* Begin XCBuildConfiguration section */
		227D01BF2C68F12800ADF63F /* Debug */ = {
			isa = XCBuildConfiguration;
			buildSettings = {
				ALWAYS_SEARCH_USER_PATHS = NO;
				ASSETCATALOG_COMPILER_GENERATE_SWIFT_ASSET_SYMBOL_EXTENSIONS = YES;
				CLANG_ANALYZER_NONNULL = YES;
				CLANG_ANALYZER_NUMBER_OBJECT_CONVERSION = YES_AGGRESSIVE;
				CLANG_CXX_LANGUAGE_STANDARD = "gnu++20";
				CLANG_ENABLE_MODULES = YES;
				CLANG_ENABLE_OBJC_ARC = YES;
				CLANG_ENABLE_OBJC_WEAK = YES;
				CLANG_WARN_BLOCK_CAPTURE_AUTORELEASING = YES;
				CLANG_WARN_BOOL_CONVERSION = YES;
				CLANG_WARN_COMMA = YES;
				CLANG_WARN_CONSTANT_CONVERSION = YES;
				CLANG_WARN_DEPRECATED_OBJC_IMPLEMENTATIONS = YES;
				CLANG_WARN_DIRECT_OBJC_ISA_USAGE = YES_ERROR;
				CLANG_WARN_DOCUMENTATION_COMMENTS = YES;
				CLANG_WARN_EMPTY_BODY = YES;
				CLANG_WARN_ENUM_CONVERSION = YES;
				CLANG_WARN_INFINITE_RECURSION = YES;
				CLANG_WARN_INT_CONVERSION = YES;
				CLANG_WARN_NON_LITERAL_NULL_CONVERSION = YES;
				CLANG_WARN_OBJC_IMPLICIT_RETAIN_SELF = YES;
				CLANG_WARN_OBJC_LITERAL_CONVERSION = YES;
				CLANG_WARN_OBJC_ROOT_CLASS = YES_ERROR;
				CLANG_WARN_QUOTED_INCLUDE_IN_FRAMEWORK_HEADER = YES;
				CLANG_WARN_RANGE_LOOP_ANALYSIS = YES;
				CLANG_WARN_STRICT_PROTOTYPES = YES;
				CLANG_WARN_SUSPICIOUS_MOVE = YES;
				CLANG_WARN_UNGUARDED_AVAILABILITY = YES_AGGRESSIVE;
				CLANG_WARN_UNREACHABLE_CODE = YES;
				CLANG_WARN__DUPLICATE_METHOD_MATCH = YES;
				COPY_PHASE_STRIP = NO;
				DEBUG_INFORMATION_FORMAT = dwarf;
				ENABLE_STRICT_OBJC_MSGSEND = YES;
				ENABLE_TESTABILITY = YES;
				ENABLE_USER_SCRIPT_SANDBOXING = YES;
				GCC_C_LANGUAGE_STANDARD = gnu17;
				GCC_DYNAMIC_NO_PIC = NO;
				GCC_NO_COMMON_BLOCKS = YES;
				GCC_OPTIMIZATION_LEVEL = 0;
				GCC_PREPROCESSOR_DEFINITIONS = (
					"DEBUG=1",
					"$(inherited)",
				);
				GCC_WARN_64_TO_32_BIT_CONVERSION = YES;
				GCC_WARN_ABOUT_RETURN_TYPE = YES_ERROR;
				GCC_WARN_UNDECLARED_SELECTOR = YES;
				GCC_WARN_UNINITIALIZED_AUTOS = YES_AGGRESSIVE;
				GCC_WARN_UNUSED_FUNCTION = YES;
				GCC_WARN_UNUSED_VARIABLE = YES;
				IPHONEOS_DEPLOYMENT_TARGET = 17.5;
				LOCALIZATION_PREFERS_STRING_CATALOGS = YES;
				MTL_ENABLE_DEBUG_INFO = INCLUDE_SOURCE;
				MTL_FAST_MATH = YES;
				ONLY_ACTIVE_ARCH = YES;
				SDKROOT = iphoneos;
				SWIFT_ACTIVE_COMPILATION_CONDITIONS = "DEBUG $(inherited)";
				SWIFT_OPTIMIZATION_LEVEL = "-Onone";
			};
			name = Debug;
		};
		227D01C02C68F12800ADF63F /* Release */ = {
			isa = XCBuildConfiguration;
			buildSettings = {
				ALWAYS_SEARCH_USER_PATHS = NO;
				ASSETCATALOG_COMPILER_GENERATE_SWIFT_ASSET_SYMBOL_EXTENSIONS = YES;
				CLANG_ANALYZER_NONNULL = YES;
				CLANG_ANALYZER_NUMBER_OBJECT_CONVERSION = YES_AGGRESSIVE;
				CLANG_CXX_LANGUAGE_STANDARD = "gnu++20";
				CLANG_ENABLE_MODULES = YES;
				CLANG_ENABLE_OBJC_ARC = YES;
				CLANG_ENABLE_OBJC_WEAK = YES;
				CLANG_WARN_BLOCK_CAPTURE_AUTORELEASING = YES;
				CLANG_WARN_BOOL_CONVERSION = YES;
				CLANG_WARN_COMMA = YES;
				CLANG_WARN_CONSTANT_CONVERSION = YES;
				CLANG_WARN_DEPRECATED_OBJC_IMPLEMENTATIONS = YES;
				CLANG_WARN_DIRECT_OBJC_ISA_USAGE = YES_ERROR;
				CLANG_WARN_DOCUMENTATION_COMMENTS = YES;
				CLANG_WARN_EMPTY_BODY = YES;
				CLANG_WARN_ENUM_CONVERSION = YES;
				CLANG_WARN_INFINITE_RECURSION = YES;
				CLANG_WARN_INT_CONVERSION = YES;
				CLANG_WARN_NON_LITERAL_NULL_CONVERSION = YES;
				CLANG_WARN_OBJC_IMPLICIT_RETAIN_SELF = YES;
				CLANG_WARN_OBJC_LITERAL_CONVERSION = YES;
				CLANG_WARN_OBJC_ROOT_CLASS = YES_ERROR;
				CLANG_WARN_QUOTED_INCLUDE_IN_FRAMEWORK_HEADER = YES;
				CLANG_WARN_RANGE_LOOP_ANALYSIS = YES;
				CLANG_WARN_STRICT_PROTOTYPES = YES;
				CLANG_WARN_SUSPICIOUS_MOVE = YES;
				CLANG_WARN_UNGUARDED_AVAILABILITY = YES_AGGRESSIVE;
				CLANG_WARN_UNREACHABLE_CODE = YES;
				CLANG_WARN__DUPLICATE_METHOD_MATCH = YES;
				COPY_PHASE_STRIP = NO;
				DEBUG_INFORMATION_FORMAT = "dwarf-with-dsym";
				ENABLE_NS_ASSERTIONS = NO;
				ENABLE_STRICT_OBJC_MSGSEND = YES;
				ENABLE_USER_SCRIPT_SANDBOXING = YES;
				GCC_C_LANGUAGE_STANDARD = gnu17;
				GCC_NO_COMMON_BLOCKS = YES;
				GCC_WARN_64_TO_32_BIT_CONVERSION = YES;
				GCC_WARN_ABOUT_RETURN_TYPE = YES_ERROR;
				GCC_WARN_UNDECLARED_SELECTOR = YES;
				GCC_WARN_UNINITIALIZED_AUTOS = YES_AGGRESSIVE;
				GCC_WARN_UNUSED_FUNCTION = YES;
				GCC_WARN_UNUSED_VARIABLE = YES;
				IPHONEOS_DEPLOYMENT_TARGET = 17.5;
				LOCALIZATION_PREFERS_STRING_CATALOGS = YES;
				MTL_ENABLE_DEBUG_INFO = NO;
				MTL_FAST_MATH = YES;
				SDKROOT = iphoneos;
				SWIFT_COMPILATION_MODE = wholemodule;
				VALIDATE_PRODUCT = YES;
			};
			name = Release;
		};
		227D01C22C68F12800ADF63F /* Debug */ = {
			isa = XCBuildConfiguration;
			buildSettings = {
				ASSETCATALOG_COMPILER_APPICON_NAME = AppIcon;
				ASSETCATALOG_COMPILER_GLOBAL_ACCENT_COLOR_NAME = AccentColor;
				CODE_SIGN_STYLE = Automatic;
				CURRENT_PROJECT_VERSION = 1;
				DEVELOPMENT_TEAM = 4D98645N8M;
				GENERATE_INFOPLIST_FILE = YES;
				INFOPLIST_FILE = "Upcoming events/Info.plist";
				INFOPLIST_KEY_UIApplicationSupportsIndirectInputEvents = YES;
				INFOPLIST_KEY_UILaunchStoryboardName = LaunchScreen;
				INFOPLIST_KEY_UIRequiresFullScreen = YES;
				INFOPLIST_KEY_UISupportedInterfaceOrientations = UIInterfaceOrientationPortrait;
				INFOPLIST_KEY_UISupportedInterfaceOrientations_iPad = "UIInterfaceOrientationPortrait UIInterfaceOrientationPortraitUpsideDown";
				IPHONEOS_DEPLOYMENT_TARGET = 14.0;
				LD_RUNPATH_SEARCH_PATHS = (
					"$(inherited)",
					"@executable_path/Frameworks",
				);
				MARKETING_VERSION = 1.0;
				PRODUCT_BUNDLE_IDENTIFIER = "Solohub.Upcoming-events";
				PRODUCT_NAME = "$(TARGET_NAME)";
				SWIFT_EMIT_LOC_STRINGS = YES;
				SWIFT_VERSION = 5.0;
				TARGETED_DEVICE_FAMILY = "1,2";
			};
			name = Debug;
		};
		227D01C32C68F12800ADF63F /* Release */ = {
			isa = XCBuildConfiguration;
			buildSettings = {
				ASSETCATALOG_COMPILER_APPICON_NAME = AppIcon;
				ASSETCATALOG_COMPILER_GLOBAL_ACCENT_COLOR_NAME = AccentColor;
				CODE_SIGN_STYLE = Automatic;
				CURRENT_PROJECT_VERSION = 1;
				DEVELOPMENT_TEAM = 4D98645N8M;
				GENERATE_INFOPLIST_FILE = YES;
				INFOPLIST_FILE = "Upcoming events/Info.plist";
				INFOPLIST_KEY_UIApplicationSupportsIndirectInputEvents = YES;
				INFOPLIST_KEY_UILaunchStoryboardName = LaunchScreen;
				INFOPLIST_KEY_UIRequiresFullScreen = YES;
				INFOPLIST_KEY_UISupportedInterfaceOrientations = UIInterfaceOrientationPortrait;
				INFOPLIST_KEY_UISupportedInterfaceOrientations_iPad = "UIInterfaceOrientationPortrait UIInterfaceOrientationPortraitUpsideDown";
				IPHONEOS_DEPLOYMENT_TARGET = 14.0;
				LD_RUNPATH_SEARCH_PATHS = (
					"$(inherited)",
					"@executable_path/Frameworks",
				);
				MARKETING_VERSION = 1.0;
				PRODUCT_BUNDLE_IDENTIFIER = "Solohub.Upcoming-events";
				PRODUCT_NAME = "$(TARGET_NAME)";
				SWIFT_EMIT_LOC_STRINGS = YES;
				SWIFT_VERSION = 5.0;
				TARGETED_DEVICE_FAMILY = "1,2";
			};
			name = Release;
		};
		227D01C52C68F12800ADF63F /* Debug */ = {
			isa = XCBuildConfiguration;
			buildSettings = {
				ALWAYS_EMBED_SWIFT_STANDARD_LIBRARIES = YES;
				BUNDLE_LOADER = "$(TEST_HOST)";
				CODE_SIGN_STYLE = Automatic;
				CURRENT_PROJECT_VERSION = 1;
				DEVELOPMENT_TEAM = 4D98645N8M;
				GENERATE_INFOPLIST_FILE = YES;
				IPHONEOS_DEPLOYMENT_TARGET = 17.5;
				MARKETING_VERSION = 1.0;
				PRODUCT_BUNDLE_IDENTIFIER = "Solohub.Upcoming-eventsTests";
				PRODUCT_NAME = "$(TARGET_NAME)";
				SWIFT_EMIT_LOC_STRINGS = NO;
				SWIFT_VERSION = 5.0;
				TARGETED_DEVICE_FAMILY = "1,2";
				TEST_HOST = "$(BUILT_PRODUCTS_DIR)/Upcoming events.app/$(BUNDLE_EXECUTABLE_FOLDER_PATH)/Upcoming events";
			};
			name = Debug;
		};
		227D01C62C68F12800ADF63F /* Release */ = {
			isa = XCBuildConfiguration;
			buildSettings = {
				ALWAYS_EMBED_SWIFT_STANDARD_LIBRARIES = YES;
				BUNDLE_LOADER = "$(TEST_HOST)";
				CODE_SIGN_STYLE = Automatic;
				CURRENT_PROJECT_VERSION = 1;
				DEVELOPMENT_TEAM = 4D98645N8M;
				GENERATE_INFOPLIST_FILE = YES;
				IPHONEOS_DEPLOYMENT_TARGET = 17.5;
				MARKETING_VERSION = 1.0;
				PRODUCT_BUNDLE_IDENTIFIER = "Solohub.Upcoming-eventsTests";
				PRODUCT_NAME = "$(TARGET_NAME)";
				SWIFT_EMIT_LOC_STRINGS = NO;
				SWIFT_VERSION = 5.0;
				TARGETED_DEVICE_FAMILY = "1,2";
				TEST_HOST = "$(BUILT_PRODUCTS_DIR)/Upcoming events.app/$(BUNDLE_EXECUTABLE_FOLDER_PATH)/Upcoming events";
			};
			name = Release;
		};
		227D01C82C68F12800ADF63F /* Debug */ = {
			isa = XCBuildConfiguration;
			buildSettings = {
				ALWAYS_EMBED_SWIFT_STANDARD_LIBRARIES = YES;
				CODE_SIGN_STYLE = Automatic;
				CURRENT_PROJECT_VERSION = 1;
				DEVELOPMENT_TEAM = 4D98645N8M;
				GENERATE_INFOPLIST_FILE = YES;
				MARKETING_VERSION = 1.0;
				PRODUCT_BUNDLE_IDENTIFIER = "Solohub.Upcoming-eventsUITests";
				PRODUCT_NAME = "$(TARGET_NAME)";
				SWIFT_EMIT_LOC_STRINGS = NO;
				SWIFT_VERSION = 5.0;
				TARGETED_DEVICE_FAMILY = "1,2";
				TEST_TARGET_NAME = "Upcoming events";
			};
			name = Debug;
		};
		227D01C92C68F12800ADF63F /* Release */ = {
			isa = XCBuildConfiguration;
			buildSettings = {
				ALWAYS_EMBED_SWIFT_STANDARD_LIBRARIES = YES;
				CODE_SIGN_STYLE = Automatic;
				CURRENT_PROJECT_VERSION = 1;
				DEVELOPMENT_TEAM = 4D98645N8M;
				GENERATE_INFOPLIST_FILE = YES;
				MARKETING_VERSION = 1.0;
				PRODUCT_BUNDLE_IDENTIFIER = "Solohub.Upcoming-eventsUITests";
				PRODUCT_NAME = "$(TARGET_NAME)";
				SWIFT_EMIT_LOC_STRINGS = NO;
				SWIFT_VERSION = 5.0;
				TARGETED_DEVICE_FAMILY = "1,2";
				TEST_TARGET_NAME = "Upcoming events";
			};
			name = Release;
		};
/* End XCBuildConfiguration section */

/* Begin XCConfigurationList section */
		227D01922C68F12600ADF63F /* Build configuration list for PBXProject "Upcoming events" */ = {
			isa = XCConfigurationList;
			buildConfigurations = (
				227D01BF2C68F12800ADF63F /* Debug */,
				227D01C02C68F12800ADF63F /* Release */,
			);
			defaultConfigurationIsVisible = 0;
			defaultConfigurationName = Release;
		};
		227D01C12C68F12800ADF63F /* Build configuration list for PBXNativeTarget "Upcoming events" */ = {
			isa = XCConfigurationList;
			buildConfigurations = (
				227D01C22C68F12800ADF63F /* Debug */,
				227D01C32C68F12800ADF63F /* Release */,
			);
			defaultConfigurationIsVisible = 0;
			defaultConfigurationName = Release;
		};
		227D01C42C68F12800ADF63F /* Build configuration list for PBXNativeTarget "Upcoming eventsTests" */ = {
			isa = XCConfigurationList;
			buildConfigurations = (
				227D01C52C68F12800ADF63F /* Debug */,
				227D01C62C68F12800ADF63F /* Release */,
			);
			defaultConfigurationIsVisible = 0;
			defaultConfigurationName = Release;
		};
		227D01C72C68F12800ADF63F /* Build configuration list for PBXNativeTarget "Upcoming eventsUITests" */ = {
			isa = XCConfigurationList;
			buildConfigurations = (
				227D01C82C68F12800ADF63F /* Debug */,
				227D01C92C68F12800ADF63F /* Release */,
			);
			defaultConfigurationIsVisible = 0;
			defaultConfigurationName = Release;
		};
/* End XCConfigurationList section */

/* Begin XCRemoteSwiftPackageReference section */
		22991B0E2C80588800078FCE /* XCRemoteSwiftPackageReference "FSCalendar" */ = {
			isa = XCRemoteSwiftPackageReference;
			repositoryURL = "https://github.com/WenchaoD/FSCalendar.git";
			requirement = {
				kind = upToNextMajorVersion;
				minimumVersion = 2.8.4;
			};
		};
/* End XCRemoteSwiftPackageReference section */

/* Begin XCSwiftPackageProductDependency section */
		22991B0F2C80588800078FCE /* FSCalendar */ = {
			isa = XCSwiftPackageProductDependency;
			package = 22991B0E2C80588800078FCE /* XCRemoteSwiftPackageReference "FSCalendar" */;
			productName = FSCalendar;
		};
/* End XCSwiftPackageProductDependency section */
	};
	rootObject = 227D018F2C68F12600ADF63F /* Project object */;
}
